
Microsoft Visual Studio Solution File, Format Version 12.00
# Visual Studio Version 17
VisualStudioVersion = 17.4.33110.190
MinimumVisualStudioVersion = 10.0.40219.1
Project("{9A19103F-16F7-4668-BE54-9A1E7A4F7556}") = "INF36207.TOTP.Client", "INF36207.TOTP.Client\INF36207.TOTP.Client.csproj", "{723132BE-1B19-4E65-B014-BAD9F5A2D749}"
EndProject
Project("{9A19103F-16F7-4668-BE54-9A1E7A4F7556}") = "INF36207.TOTP.Core", "..\Core\INF36207.TOTP.Core.csproj", "{DAD72D72-02BF-46EF-9DCF-FC3B6F5A926B}"
EndProject
Global
	GlobalSection(SolutionConfigurationPlatforms) = preSolution
		Debug|Any CPU = Debug|Any CPU
		Release|Any CPU = Release|Any CPU
	EndGlobalSection
	GlobalSection(ProjectConfigurationPlatforms) = postSolution
		{723132BE-1B19-4E65-B014-BAD9F5A2D749}.Debug|Any CPU.ActiveCfg = Debug|Any CPU
		{723132BE-1B19-4E65-B014-BAD9F5A2D749}.Debug|Any CPU.Build.0 = Debug|Any CPU
		{723132BE-1B19-4E65-B014-BAD9F5A2D749}.Release|Any CPU.ActiveCfg = Release|Any CPU
		{723132BE-1B19-4E65-B014-BAD9F5A2D749}.Release|Any CPU.Build.0 = Release|Any CPU
		{DAD72D72-02BF-46EF-9DCF-FC3B6F5A926B}.Debug|Any CPU.ActiveCfg = Debug|Any CPU
		{DAD72D72-02BF-46EF-9DCF-FC3B6F5A926B}.Debug|Any CPU.Build.0 = Debug|Any CPU
		{DAD72D72-02BF-46EF-9DCF-FC3B6F5A926B}.Release|Any CPU.ActiveCfg = Release|Any CPU
		{DAD72D72-02BF-46EF-9DCF-FC3B6F5A926B}.Release|Any CPU.Build.0 = Release|Any CPU
	EndGlobalSection
	GlobalSection(SolutionProperties) = preSolution
		HideSolutionNode = FALSE
	EndGlobalSection
	GlobalSection(ExtensibilityGlobals) = postSolution
		SolutionGuid = {5F04DCC6-45B1-460D-B246-1065A0DD452C}
	EndGlobalSection
EndGlobal
